
Microsoft Visual Studio Solution File, Format Version 12.00
# Visual Studio Version 16
VisualStudioVersion = 16.0.30523.141
MinimumVisualStudioVersion = 10.0.40219.1
Project("{8BC9CEB8-8B4A-11D0-8D11-00A0C91BC942}") = "3", "3.vcxproj", "{EF93C166-02C9-463D-8FF5-D5F0C6DEB8B8}"
EndProject
Global
	GlobalSection(SolutionConfigurationPlatforms) = preSolution
		Debug|x64 = Debug|x64
		Debug|x86 = Debug|x86
		Release|x64 = Release|x64
		Release|x86 = Release|x86
	EndGlobalSection
	GlobalSection(ProjectConfigurationPlatforms) = postSolution
		{EF93C166-02C9-463D-8FF5-D5F0C6DEB8B8}.Debug|x64.ActiveCfg = Debug|x64
		{EF93C166-02C9-463D-8FF5-D5F0C6DEB8B8}.Debug|x64.Build.0 = Debug|x64
		{EF93C166-02C9-463D-8FF5-D5F0C6DEB8B8}.Debug|x86.ActiveCfg = Debug|Win32
		{EF93C166-02C9-463D-8FF5-D5F0C6DEB8B8}.Debug|x86.Build.0 = Debug|Win32
		{EF93C166-02C9-463D-8FF5-D5F0C6DEB8B8}.Release|x64.ActiveCfg = Release|x64
		{EF93C166-02C9-463D-8FF5-D5F0C6DEB8B8}.Release|x64.Build.0 = Release|x64
		{EF93C166-02C9-463D-8FF5-D5F0C6DEB8B8}.Release|x86.ActiveCfg = Release|Win32
		{EF93C166-02C9-463D-8FF5-D5F0C6DEB8B8}.Release|x86.Build.0 = Release|Win32
	EndGlobalSection
	GlobalSection(SolutionProperties) = preSolution
		HideSolutionNode = FALSE
	EndGlobalSection
	GlobalSection(ExtensibilityGlobals) = postSolution
		SolutionGuid = {66A69802-B2CC-4167-96A7-63603EDBB237}
	EndGlobalSection
EndGlobal
